hash: d74dc772cdfe72c3ef716579a3dfcb761ba2bb5b71825d8592f0c564e0b84b00
updated: 2016-10-25T18:48:13.595582071-06:00
imports:
- name: cloud.google.com/go
  version: 07f82cd40595eddb6b6500701401032dd0bd92e0
  subpackages:
  - compute/metadata
  - internal
- name: github.com/aws/aws-sdk-go
  version: a11ddd7a070196035bc94b6c04a2a0114c06a395
  subpackages:
  - aws
  - aws/awserr
  - aws/awsutil
  - aws/corehandlers
  - aws/credentials
  - aws/credentials/ec2rolecreds
  - aws/defaults
  - aws/ec2metadata
  - aws/request
  - aws/service
  - aws/service/serviceinfo
  - internal/endpoints
  - internal/protocol/ec2query
  - internal/protocol/query/queryutil
  - internal/protocol/rest
  - internal/protocol/xml/xmlutil
  - internal/signer/v4
  - service/ec2
- name: github.com/Azure/azure-sdk-for-go
  version: 63d3f3e3b12ffb726ba3f72fef1aa8c1c7cd1012
  subpackages:
  - arm/compute
  - arm/network
- name: github.com/Azure/go-autorest
  version: 3a30515cff8ca0504593132b55cd9e5aa2136f74
  subpackages:
  - autorest
  - autorest/azure
  - autorest/date
  - autorest/to
  - autorest/validation
- name: github.com/beorn7/perks
  version: 4c0e84591b9aa9e6dcfdf3e020114cd81f89d5f9
  subpackages:
  - quantile
- name: github.com/bsm/sarama-cluster
  version: 6d37f561b2a131e011c0cecf8a4d3c96b1e0a940
- name: github.com/davecgh/go-spew
  version: 6d212800a42e8ab5c146b8ace3490ee17e5225f9
  subpackages:
  - spew
- name: github.com/dgrijalva/jwt-go
  version: 63734eae1ef55eaac06fdc0f312615f2e321e273
- name: github.com/eapache/go-resiliency
  version: b86b1ec0dd4209a588dc1285cdd471e73525c0b3
  subpackages:
  - breaker
- name: github.com/eapache/go-xerial-snappy
  version: bb955e01b9346ac19dc29eb16586c90ded99a98c
- name: github.com/eapache/queue
  version: 44cc805cf13205b55f69e14bcb69867d1ae92f98
- name: github.com/fsnotify/fsnotify
  version: f12c6236fe7b5cf6bcf30e5935d08cb079d78334
- name: github.com/gocql/gocql
  version: 89e1c0f309816323d37394c9f7a4a918301f609f
  subpackages:
  - internal/lru
  - internal/murmur
  - internal/streams
- name: github.com/golang/protobuf
  version: 1f49d83d9aa00e6ce4fc8258c71cc7786aec968a
  subpackages:
  - proto
- name: github.com/golang/snappy
  version: d9eb7a3d35ec988b8585d4a0068e462c27d28380
- name: github.com/hailocab/go-hostpool
  version: e80d13ce29ede4452c43dea11e79b9bc8a15b478
- name: github.com/hashicorp/consul
  version: 67a03d57b5851011e5601ee6e7e3d05699548462
  subpackages:
  - api
- name: github.com/hashicorp/go-cleanhttp
  version: ad28ea4487f05916463e2423a55166280e8254b5
- name: github.com/hashicorp/hcl
  version: ef8133da8cda503718a74741312bf50821e6de79
  subpackages:
  - hcl/ast
  - hcl/parser
  - hcl/scanner
  - hcl/strconv
  - hcl/token
  - json/parser
  - json/scanner
  - json/token
- name: github.com/hashicorp/serf
  version: 555e0dcbb180ecbd03431adc28226bb3192558bc
  subpackages:
  - coordinate
- name: github.com/inconshreveable/mousetrap
  version: 76626ae9c91c4f2a10f34cad8ce83ea42c93bb75
- name: github.com/influxdata/influxdb
  version: 7e515cf5f7c298abd8aae62ed1f7bb85601a4b4d
  subpackages:
  - models
  - pkg/escape
- name: github.com/influxdb/influxdb
  version: 7e515cf5f7c298abd8aae62ed1f7bb85601a4b4d
  subpackages:
  - client
- name: github.com/julienschmidt/httprouter
  version: d8ff598a019f2c7bad0980917a588193cf26666e
- name: github.com/klauspost/crc32
  version: 19b0b332c9e4516a6370a0456e6182c3b5036720
- name: github.com/kr/fs
  version: 2788f0dbd16903de03cb8186e5c7d97b69ad387b
- name: github.com/magiconair/properties
  version: 0723e352fa358f9322c938cc2dadda874e9151a9
- name: github.com/matttproud/golang_protobuf_extensions
  version: c12348ce28de40eed0136aa2b644d0ee0650e56c
  subpackages:
  - pbutil
- name: github.com/miekg/dns
  version: db96a2b759cdef4f11a34506a42eb8d1290c598e
- name: github.com/mitchellh/mapstructure
  version: ca63d7c062ee3c9f34db231e352b60012b4fd0c1
- name: github.com/olivere/elastic
  version: 0e48129397ff05068bb2909503dd2fef1644c9db
- name: github.com/pelletier/go-buffruneio
  version: df1e16fde7fc330a0ca68167c23bf7ed6ac31d6d
- name: github.com/pelletier/go-toml
  version: 31055c2ff0bb0c7f9095aec0d220aed21108121e
- name: github.com/pkg/errors
  version: 01fa4104b9c248c8945d14d9f128454d5b28d595
- name: github.com/pkg/sftp
  version: 8197a2e580736b78d704be0fc47b2324c0591a32
- name: github.com/prometheus/client_golang
  version: c5b7fccd204277076155f10851dad72b76a49317
  subpackages:
  - prometheus
  - prometheus/promhttp
- name: github.com/prometheus/client_model
  version: fa8ad6fec33561be4280a8f0514318c79d7f6cb6
  subpackages:
  - go
- name: github.com/prometheus/common
  version: 85637ea67b04b5c3bb25e671dacded2977f8f9f6
  subpackages:
  - expfmt
  - internal/bitbucket.org/ww/goautoneg
  - log
  - model
  - route
- name: github.com/prometheus/procfs
  version: abf152e5f3e97f2fafac028d2cc06c1feb87ffa5
- name: github.com/prometheus/prometheus
  version: dd66f2e94b2b662804b9aa1b6a50587b990ba8b7
  subpackages:
  - config
  - notifier
  - promql
  - relabel
  - retrieval
  - retrieval/discovery
  - retrieval/discovery/consul
  - retrieval/discovery/dns
  - retrieval/discovery/kubernetes
  - retrieval/discovery/marathon
  - rules
  - storage
  - storage/local
  - storage/local/chunk
  - storage/local/codable
  - storage/local/index
  - storage/metric
  - storage/remote
  - storage/remote/graphite
  - storage/remote/influxdb
  - storage/remote/opentsdb
  - template
  - util/flock
  - util/httputil
  - util/stats
  - util/strutil
  - util/testutil
  - util/treecache
  - web
  - web/api/v1
  - web/ui
- name: github.com/samuel/go-zookeeper
  version: 87e1bca4477a3cc767ca71be023ced183d74e538
  subpackages:
  - zk
- name: github.com/Shopify/sarama
  version: bd61cae2be85fa6ff40eb23dcdd24567967ac2ae
- name: github.com/Sirupsen/logrus
  version: 4b6ea7319e214d98c938f12692336f7ca9348d6b
- name: github.com/spf13/afero
  version: 52e4a6cfac46163658bd4f123c49b6ee7dc75f78
  subpackages:
  - mem
  - sftp
- name: github.com/spf13/cast
  version: 60e7a69a428e9ac1cf7e0c865fc2fe810d34363e
- name: github.com/spf13/cobra
  version: 9c28e4bbd74e5c3ed7aacbc552b2cab7cfdfe744
- name: github.com/spf13/jwalterweatherman
  version: 33c24e77fb80341fe7130ee7c594256ff08ccc46
- name: github.com/spf13/pflag
  version: c7e63cf4530bcd3ba943729cee0efeff2ebea63f
- name: github.com/spf13/viper
  version: 2f6a41490bc86fa9a8fb2fc03526a5795e904a17
- name: github.com/syndtr/goleveldb
  version: 6ae1797c0b42b9323fc27ff7dcf568df88f2f33d
  subpackages:
  - leveldb
  - leveldb/cache
  - leveldb/comparer
  - leveldb/errors
  - leveldb/filter
  - leveldb/iterator
  - leveldb/journal
  - leveldb/memdb
  - leveldb/opt
  - leveldb/storage
  - leveldb/table
  - leveldb/util
- name: github.com/vaughan0/go-ini
  version: a98ad7ee00ec53921f08832bc06ecf7fd600e6a1
- name: golang.org/x/crypto
  version: c197bcf24cde29d3f73c7b4ac6fd41f4384e8af6
  subpackages:
  - curve25519
  - ssh
- name: golang.org/x/net
  version: 71a035914f99bb58fe82eac0f1289f10963d876c
  subpackages:
  - context
  - context/ctxhttp
- name: golang.org/x/oauth2
  version: 1e695b1c8febf17aad3bfa7bf0a819ef94b98ad5
  subpackages:
  - google
  - internal
  - jws
  - jwt
- name: golang.org/x/sys
  version: 8f0908ab3b2457e2e15403d3697c9ef5cb4b57a9
  subpackages:
  - unix
  - windows
  - windows/registry
  - windows/svc/eventlog
- name: golang.org/x/text
  version: 04b8648d973c126ae60143b3e1473bc1576c7597
  subpackages:
  - transform
  - unicode/norm
- name: google.golang.org/api
  version: 45c1c8fbb52e06888fad4b269d9e1c280d638f42
  subpackages:
  - compute/v1
  - gensupport
  - googleapi
  - googleapi/internal/uritemplates
- name: google.golang.org/appengine
  version: 1177123117f15f0e04f58d3623a02e38ece70baa
  subpackages:
  - internal
  - internal/app_identity
  - internal/base
  - internal/datastore
  - internal/log
  - internal/modules
  - internal/remote_api
  - internal/urlfetch
  - urlfetch
- name: gopkg.in/fsnotify.v1
  version: a8a77c9133d2d6fd8334f3260d06f60e8d80a5fb
- name: gopkg.in/inf.v0
  version: 3887ee99ecf07df5b447e9b00d9c0b2adaa9f3e4
- name: gopkg.in/olivere/elastic.v3
  version: 0e48129397ff05068bb2909503dd2fef1644c9db
  subpackages:
  - backoff
  - uritemplates
- name: gopkg.in/yaml.v2
  version: 31c299268d302dd0aa9a0dcf765a3d58971ac83f
testImports: []
